<?xml version="1.0" encoding="utf-8"?>
<Project ToolsVersion="4.0" xmlns="http://schemas.microsoft.com/developer/msbuild/2003">
  <ItemGroup>
    <Filter Include="Source Files">
      <UniqueIdentifier>{4FC737F1-C7A5-4376-A066-2A32D752A2FF}</UniqueIdentifier>
      <Extensions>cpp;c;cc;cxx;def;odl;idl;hpj;bat;asm;asmx</Extensions>
    </Filter>
    <Filter Include="Header Files">
      <UniqueIdentifier>{93995380-89BD-4b04-88EB-625FBE52EBFB}</UniqueIdentifier>
      <Extensions>h;hh;hpp;hxx;hm;inl;inc;xsd</Extensions>
    </Filter>
    <Filter Include="Resource Files">
      <UniqueIdentifier>{67DA6AB6-F800-4c08-8B7A-83BB121AAD01}</UniqueIdentifier>
      <Extensions>rc;ico;cur;bmp;dlg;rc2;rct;bin;rgs;gif;jpg;jpeg;jpe;resx;tiff;tif;png;wav;mfcribbon-ms</Extensions>
    </Filter>
    <Filter Include="Source Files\editor">
      <UniqueIdentifier>{3ff19f57-33e4-4c84-8d36-658b3ab2fd0a}</UniqueIdentifier>
    </Filter>
    <Filter Include="Source Files\object">
      <UniqueIdentifier>{af5ae305-d525-452b-9f1b-174372d60863}</UniqueIdentifier>
    </Filter>
    <Filter Include="Header Files\object">
      <UniqueIdentifier>{942e0261-8ef7-4609-a2f4-8de1d4da01c1}</UniqueIdentifier>
    </Filter>
    <Filter Include="Header Files\editor">
      <UniqueIdentifier>{cf3cac22-27a5-4f87-af71-7bd2979b1138}</UniqueIdentifier>
    </Filter>
  </ItemGroup>
  <ItemGroup>
    <ClCompile Include="nitropaint.c">
      <Filter>Source Files</Filter>
    </ClCompile>
    <ClCompile Include="exceptions.c">
      <Filter>Source Files</Filter>
    </ClCompile>
    <ClCompile Include="childwindow.c">
      <Filter>Source Files</Filter>
    </ClCompile>
    <ClCompile Include="gdip.c">
      <Filter>Source Files</Filter>
    </ClCompile>
    <ClCompile Include="texture.c">
      <Filter>Source Files</Filter>
    </ClCompile>
    <ClCompile Include="colorchooser.c">
      <Filter>Source Files</Filter>
    </ClCompile>
    <ClCompile Include="color.c">
      <Filter>Source Files</Filter>
    </ClCompile>
    <ClCompile Include="compression.c">
      <Filter>Source Files</Filter>
    </ClCompile>
    <ClCompile Include="texconv.c">
      <Filter>Source Files</Filter>
    </ClCompile>
    <ClCompile Include="undo.c">
      <Filter>Source Files</Filter>
    </ClCompile>
    <ClCompile Include="isplt.c">
      <Filter>Source Files</Filter>
    </ClCompile>
    <ClCompile Include="bstream.c">
      <Filter>Source Files</Filter>
    </ClCompile>
    <ClCompile Include="palops.c">
      <Filter>Source Files</Filter>
    </ClCompile>
    <ClCompile Include="ui.c">
      <Filter>Source Files</Filter>
    </ClCompile>
    <ClCompile Include="cellgen.c">
      <Filter>Source Files</Filter>
    </ClCompile>
    <ClCompile Include="bggen.c">
      <Filter>Source Files</Filter>
    </ClCompile>
    <ClCompile Include="preview.c">
      <Filter>Source Files</Filter>
    </ClCompile>
    <ClCompile Include="framebuffer.c">
      <Filter>Source Files</Filter>
    </ClCompile>
    <ClCompile Include="struct.c">
      <Filter>Source Files</Filter>
    </ClCompile>
    <ClCompile Include="io.c">
      <Filter>Source Files</Filter>
    </ClCompile>
    <ClCompile Include="editor\editor.c">
      <Filter>Source Files\editor</Filter>
    </ClCompile>
    <ClCompile Include="editor\lyteditor.c">
      <Filter>Source Files\editor</Filter>
    </ClCompile>
    <ClCompile Include="editor\mesgeditor.c">
      <Filter>Source Files\editor</Filter>
    </ClCompile>
    <ClCompile Include="editor\nanrviewer.c">
      <Filter>Source Files\editor</Filter>
    </ClCompile>
    <ClCompile Include="editor\ncerviewer.c">
      <Filter>Source Files\editor</Filter>
    </ClCompile>
    <ClCompile Include="editor\ncgrviewer.c">
      <Filter>Source Files\editor</Filter>
    </ClCompile>
    <ClCompile Include="editor\nclrviewer.c">
      <Filter>Source Files\editor</Filter>
    </ClCompile>
    <ClCompile Include="editor\nftrviewer.c">
      <Filter>Source Files\editor</Filter>
    </ClCompile>
    <ClCompile Include="editor\nmcrviewer.c">
      <Filter>Source Files\editor</Filter>
    </ClCompile>
    <ClCompile Include="editor\nsbtxviewer.c">
      <Filter>Source Files\editor</Filter>
    </ClCompile>
    <ClCompile Include="editor\nscrviewer.c">
      <Filter>Source Files\editor</Filter>
    </ClCompile>
    <ClCompile Include="editor\textureeditor.c">
      <Filter>Source Files\editor</Filter>
    </ClCompile>
    <ClCompile Include="editor\tilededitor.c">
      <Filter>Source Files\editor</Filter>
    </ClCompile>
    <ClCompile Include="object\NitroAnim.c">
      <Filter>Source Files\object</Filter>
    </ClCompile>
    <ClCompile Include="object\NitroCell.c">
      <Filter>Source Files\object</Filter>
    </ClCompile>
    <ClCompile Include="object\NitroCharacter.c">
      <Filter>Source Files\object</Filter>
    </ClCompile>
    <ClCompile Include="object\NitroFont.c">
      <Filter>Source Files\object</Filter>
    </ClCompile>
    <ClCompile Include="object\NitroLyt.c">
      <Filter>Source Files\object</Filter>
    </ClCompile>
    <ClCompile Include="object\NitroMessage.c">
      <Filter>Source Files\object</Filter>
    </ClCompile>
    <ClCompile Include="object\NitroMultiCell.c">
      <Filter>Source Files\object</Filter>
    </ClCompile>
    <ClCompile Include="object\NitroPalette.c">
      <Filter>Source Files\object</Filter>
    </ClCompile>
    <ClCompile Include="object\NitroScreen.c">
      <Filter>Source Files\object</Filter>
    </ClCompile>
    <ClCompile Include="object\NitroTexArc.c">
      <Filter>Source Files\object</Filter>
    </ClCompile>
    <ClCompile Include="object\nns.c">
      <Filter>Source Files\object</Filter>
    </ClCompile>
    <ClCompile Include="object\scene.c">
      <Filter>Source Files\object</Filter>
    </ClCompile>
    <ClCompile Include="object\setosa.c">
      <Filter>Source Files\object</Filter>
    </ClCompile>
    <ClCompile Include="object\combo2d.c">
      <Filter>Source Files\object</Filter>
    </ClCompile>
    <ClCompile Include="object\filecommon.c">
      <Filter>Source Files\object</Filter>
    </ClCompile>
  </ItemGroup>
  <ItemGroup>
    <ClInclude Include="resource.h">
      <Filter>Header Files</Filter>
    </ClInclude>
    <ClInclude Include="exceptions.h">
      <Filter>Header Files</Filter>
    </ClInclude>
    <ClInclude Include="nitropaint.h">
      <Filter>Header Files</Filter>
    </ClInclude>
    <ClInclude Include="childwindow.h">
      <Filter>Header Files</Filter>
    </ClInclude>
    <ClInclude Include="gdip.h">
      <Filter>Header Files</Filter>
    </ClInclude>
    <ClInclude Include="palette.h">
      <Filter>Header Files</Filter>
    </ClInclude>
    <ClInclude Include="texture.h">
      <Filter>Header Files</Filter>
    </ClInclude>
    <ClInclude Include="colorchooser.h">
      <Filter>Header Files</Filter>
    </ClInclude>
    <ClInclude Include="color.h">
      <Filter>Header Files</Filter>
    </ClInclude>
    <ClInclude Include="compression.h">
      <Filter>Header Files</Filter>
    </ClInclude>
    <ClInclude Include="texconv.h">
      <Filter>Header Files</Filter>
    </ClInclude>
    <ClInclude Include="undo.h">
      <Filter>Header Files</Filter>
    </ClInclude>
    <ClInclude Include="bstream.h">
      <Filter>Header Files</Filter>
    </ClInclude>
    <ClInclude Include="palops.h">
      <Filter>Header Files</Filter>
    </ClInclude>
    <ClInclude Include="ui.h">
      <Filter>Header Files</Filter>
    </ClInclude>
    <ClInclude Include="cellgen.h">
      <Filter>Header Files</Filter>
    </ClInclude>
    <ClInclude Include="bggen.h">
      <Filter>Header Files</Filter>
    </ClInclude>
    <ClInclude Include="preview.h">
      <Filter>Header Files</Filter>
    </ClInclude>
    <ClInclude Include="framebuffer.h">
      <Filter>Header Files</Filter>
    </ClInclude>
    <ClInclude Include="struct.h">
      <Filter>Header Files</Filter>
    </ClInclude>
    <ClInclude Include="io.h">
      <Filter>Header Files</Filter>
    </ClInclude>
    <ClInclude Include="object\filecommon.h">
      <Filter>Header Files</Filter>
    </ClInclude>
    <ClInclude Include="object\combo2d.h">
      <Filter>Header Files\object</Filter>
    </ClInclude>
    <ClInclude Include="object\NitroAnim.h">
      <Filter>Header Files\object</Filter>
    </ClInclude>
    <ClInclude Include="object\NitroCell.h">
      <Filter>Header Files\object</Filter>
    </ClInclude>
    <ClInclude Include="object\NitroCharacter.h">
      <Filter>Header Files\object</Filter>
    </ClInclude>
    <ClInclude Include="object\NitroFont.h">
      <Filter>Header Files\object</Filter>
    </ClInclude>
    <ClInclude Include="object\NitroLyt.h">
      <Filter>Header Files\object</Filter>
    </ClInclude>
    <ClInclude Include="object\NitroMessage.h">
      <Filter>Header Files\object</Filter>
    </ClInclude>
    <ClInclude Include="object\NitroMultiCell.h">
      <Filter>Header Files\object</Filter>
    </ClInclude>
    <ClInclude Include="object\NitroPalette.h">
      <Filter>Header Files\object</Filter>
    </ClInclude>
    <ClInclude Include="object\NitroScreen.h">
      <Filter>Header Files\object</Filter>
    </ClInclude>
    <ClInclude Include="object\NitroTexArc.h">
      <Filter>Header Files\object</Filter>
    </ClInclude>
    <ClInclude Include="object\setosa.h">
      <Filter>Header Files\object</Filter>
    </ClInclude>
    <ClInclude Include="object\scene.h">
      <Filter>Header Files\object</Filter>
    </ClInclude>
    <ClInclude Include="object\nns.h">
      <Filter>Header Files\object</Filter>
    </ClInclude>
    <ClInclude Include="editor\mesgeditor.h">
      <Filter>Header Files\editor</Filter>
    </ClInclude>
    <ClInclude Include="editor\nanrviewer.h">
      <Filter>Header Files\editor</Filter>
    </ClInclude>
    <ClInclude Include="editor\ncerviewer.h">
      <Filter>Header Files\editor</Filter>
    </ClInclude>
    <ClInclude Include="editor\ncgrviewer.h">
      <Filter>Header Files\editor</Filter>
    </ClInclude>
    <ClInclude Include="editor\nclrviewer.h">
      <Filter>Header Files\editor</Filter>
    </ClInclude>
    <ClInclude Include="editor\nftrviewer.h">
      <Filter>Header Files\editor</Filter>
    </ClInclude>
    <ClInclude Include="editor\nmcrviewer.h">
      <Filter>Header Files\editor</Filter>
    </ClInclude>
    <ClInclude Include="editor\nsbtxviewer.h">
      <Filter>Header Files\editor</Filter>
    </ClInclude>
    <ClInclude Include="editor\nscrviewer.h">
      <Filter>Header Files\editor</Filter>
    </ClInclude>
    <ClInclude Include="editor\textureeditor.h">
      <Filter>Header Files\editor</Filter>
    </ClInclude>
    <ClInclude Include="editor\tilededitor.h">
      <Filter>Header Files\editor</Filter>
    </ClInclude>
    <ClInclude Include="editor\lyteditor.h">
      <Filter>Header Files\editor</Filter>
    </ClInclude>
    <ClInclude Include="editor\editor.h">
      <Filter>Header Files\editor</Filter>
    </ClInclude>
  </ItemGroup>
  <ItemGroup>
    <ResourceCompile Include="NitroPaint.rc">
      <Filter>Resource Files</Filter>
    </ResourceCompile>
  </ItemGroup>
  <ItemGroup>
    <Image Include="ncedit.ico">
      <Filter>Resource Files</Filter>
    </Image>
    <Image Include="hudson.ico">
      <Filter>Resource Files</Filter>
    </Image>
    <Image Include="jlayout.ico">
      <Filter>Resource Files</Filter>
    </Image>
  </ItemGroup>
</Project>