<?xml version="1.0" encoding="utf-8"?>
<Project ToolsVersion="4.0" xmlns="http://schemas.microsoft.com/developer/msbuild/2003">
  <ItemGroup>
    <Filter Include="Source Files">
      <UniqueIdentifier>{4FC737F1-C7A5-4376-A066-2A32D752A2FF}</UniqueIdentifier>
      <Extensions>cpp;c;cc;cxx;def;odl;idl;hpj;bat;asm;asmx</Extensions>
    </Filter>
    <Filter Include="Header Files">
      <UniqueIdentifier>{93995380-89BD-4b04-88EB-625FBE52EBFB}</UniqueIdentifier>
      <Extensions>h;hh;hpp;hxx;hm;inl;inc;xsd</Extensions>
    </Filter>
    <Filter Include="Resource Files">
      <UniqueIdentifier>{67DA6AB6-F800-4c08-8B7A-83BB121AAD01}</UniqueIdentifier>
      <Extensions>rc;ico;cur;bmp;dlg;rc2;rct;bin;rgs;gif;jpg;jpeg;jpe;resx;tiff;tif;png;wav;mfcribbon-ms</Extensions>
    </Filter>
    <Filter Include="Source Files\editor">
      <UniqueIdentifier>{3ff19f57-33e4-4c84-8d36-658b3ab2fd0a}</UniqueIdentifier>
    </Filter>
    <Filter Include="Source Files\object">
      <UniqueIdentifier>{af5ae305-d525-452b-9f1b-174372d60863}</UniqueIdentifier>
    </Filter>
    <Filter Include="Header Files\object">
      <UniqueIdentifier>{942e0261-8ef7-4609-a2f4-8de1d4da01c1}</UniqueIdentifier>
    </Filter>
    <Filter Include="Header Files\editor">
      <UniqueIdentifier>{cf3cac22-27a5-4f87-af71-7bd2979b1138}</UniqueIdentifier>
    </Filter>
    <Filter Include="Header Files\ui">
      <UniqueIdentifier>{bef6de2a-cc53-4d78-9371-550ddbadd6ef}</UniqueIdentifier>
    </Filter>
    <Filter Include="Source Files\ui">
      <UniqueIdentifier>{ccbdb8d2-87c5-4a8f-b54a-08b21ed0de97}</UniqueIdentifier>
    </Filter>
    <Filter Include="Header Files\compression">
      <UniqueIdentifier>{98ca12fd-04cf-431e-aa22-35c8f6f12c86}</UniqueIdentifier>
    </Filter>
    <Filter Include="Source Files\compression">
      <UniqueIdentifier>{b9655a3c-fbbf-4dd2-8155-1a175c9a9abf}</UniqueIdentifier>
    </Filter>
    <Filter Include="Header Files\util">
      <UniqueIdentifier>{cb4ca7df-54c9-4383-93db-7ea70351b3f9}</UniqueIdentifier>
    </Filter>
    <Filter Include="Source Files\util">
      <UniqueIdentifier>{56da3228-b0f9-4fb7-9da5-1a7c5a818720}</UniqueIdentifier>
    </Filter>
    <Filter Include="Header Files\image">
      <UniqueIdentifier>{308f1124-4ddd-4734-bb0d-ec78d4279473}</UniqueIdentifier>
    </Filter>
    <Filter Include="Source Files\image">
      <UniqueIdentifier>{81d70156-faae-4921-81bd-9861df1d1a96}</UniqueIdentifier>
    </Filter>
  </ItemGroup>
  <ItemGroup>
    <ClCompile Include="nitropaint.c">
      <Filter>Source Files</Filter>
    </ClCompile>
    <ClCompile Include="exceptions.c">
      <Filter>Source Files</Filter>
    </ClCompile>
    <ClCompile Include="childwindow.c">
      <Filter>Source Files</Filter>
    </ClCompile>
    <ClCompile Include="texture.c">
      <Filter>Source Files</Filter>
    </ClCompile>
    <ClCompile Include="color.c">
      <Filter>Source Files</Filter>
    </ClCompile>
    <ClCompile Include="texconv.c">
      <Filter>Source Files</Filter>
    </ClCompile>
    <ClCompile Include="undo.c">
      <Filter>Source Files</Filter>
    </ClCompile>
    <ClCompile Include="isplt.c">
      <Filter>Source Files</Filter>
    </ClCompile>
    <ClCompile Include="ui.c">
      <Filter>Source Files</Filter>
    </ClCompile>
    <ClCompile Include="cellgen.c">
      <Filter>Source Files</Filter>
    </ClCompile>
    <ClCompile Include="bggen.c">
      <Filter>Source Files</Filter>
    </ClCompile>
    <ClCompile Include="preview.c">
      <Filter>Source Files</Filter>
    </ClCompile>
    <ClCompile Include="framebuffer.c">
      <Filter>Source Files</Filter>
    </ClCompile>
    <ClCompile Include="io.c">
      <Filter>Source Files</Filter>
    </ClCompile>
    <ClCompile Include="editor\editor.c">
      <Filter>Source Files\editor</Filter>
    </ClCompile>
    <ClCompile Include="editor\lyteditor.c">
      <Filter>Source Files\editor</Filter>
    </ClCompile>
    <ClCompile Include="editor\mesgeditor.c">
      <Filter>Source Files\editor</Filter>
    </ClCompile>
    <ClCompile Include="editor\nanrviewer.c">
      <Filter>Source Files\editor</Filter>
    </ClCompile>
    <ClCompile Include="editor\ncerviewer.c">
      <Filter>Source Files\editor</Filter>
    </ClCompile>
    <ClCompile Include="editor\ncgrviewer.c">
      <Filter>Source Files\editor</Filter>
    </ClCompile>
    <ClCompile Include="editor\nclrviewer.c">
      <Filter>Source Files\editor</Filter>
    </ClCompile>
    <ClCompile Include="editor\nftrviewer.c">
      <Filter>Source Files\editor</Filter>
    </ClCompile>
    <ClCompile Include="editor\nmcrviewer.c">
      <Filter>Source Files\editor</Filter>
    </ClCompile>
    <ClCompile Include="editor\nsbtxviewer.c">
      <Filter>Source Files\editor</Filter>
    </ClCompile>
    <ClCompile Include="editor\nscrviewer.c">
      <Filter>Source Files\editor</Filter>
    </ClCompile>
    <ClCompile Include="editor\textureeditor.c">
      <Filter>Source Files\editor</Filter>
    </ClCompile>
    <ClCompile Include="editor\tilededitor.c">
      <Filter>Source Files\editor</Filter>
    </ClCompile>
    <ClCompile Include="object\NitroAnim.c">
      <Filter>Source Files\object</Filter>
    </ClCompile>
    <ClCompile Include="object\NitroCell.c">
      <Filter>Source Files\object</Filter>
    </ClCompile>
    <ClCompile Include="object\NitroCharacter.c">
      <Filter>Source Files\object</Filter>
    </ClCompile>
    <ClCompile Include="object\NitroFont.c">
      <Filter>Source Files\object</Filter>
    </ClCompile>
    <ClCompile Include="object\NitroLyt.c">
      <Filter>Source Files\object</Filter>
    </ClCompile>
    <ClCompile Include="object\NitroMessage.c">
      <Filter>Source Files\object</Filter>
    </ClCompile>
    <ClCompile Include="object\NitroMultiCell.c">
      <Filter>Source Files\object</Filter>
    </ClCompile>
    <ClCompile Include="object\NitroPalette.c">
      <Filter>Source Files\object</Filter>
    </ClCompile>
    <ClCompile Include="object\NitroScreen.c">
      <Filter>Source Files\object</Filter>
    </ClCompile>
    <ClCompile Include="object\NitroTexArc.c">
      <Filter>Source Files\object</Filter>
    </ClCompile>
    <ClCompile Include="object\nns.c">
      <Filter>Source Files\object</Filter>
    </ClCompile>
    <ClCompile Include="object\scene.c">
      <Filter>Source Files\object</Filter>
    </ClCompile>
    <ClCompile Include="object\setosa.c">
      <Filter>Source Files\object</Filter>
    </ClCompile>
    <ClCompile Include="object\combo2d.c">
      <Filter>Source Files\object</Filter>
    </ClCompile>
    <ClCompile Include="object\filecommon.c">
      <Filter>Source Files\object</Filter>
    </ClCompile>
    <ClCompile Include="ui\palops.c">
      <Filter>Source Files\ui</Filter>
    </ClCompile>
    <ClCompile Include="ui\colorchooser.c">
      <Filter>Source Files\ui</Filter>
    </ClCompile>
    <ClCompile Include="ui\texconvdlg.c">
      <Filter>Source Files\ui</Filter>
    </ClCompile>
    <ClCompile Include="compression\LZCore.c">
      <Filter>Source Files\compression</Filter>
    </ClCompile>
    <ClCompile Include="compression\LZ.c">
      <Filter>Source Files\compression</Filter>
    </ClCompile>
    <ClCompile Include="compression\HuffCore.c">
      <Filter>Source Files\compression</Filter>
    </ClCompile>
    <ClCompile Include="compression\CxPrivate.c">
      <Filter>Source Files\compression</Filter>
    </ClCompile>
    <ClCompile Include="compression\PuCrunch.c">
      <Filter>Source Files\compression</Filter>
    </ClCompile>
    <ClCompile Include="compression\MvDK.c">
      <Filter>Source Files\compression</Filter>
    </ClCompile>
    <ClCompile Include="compression\VLX.c">
      <Filter>Source Files\compression</Filter>
    </ClCompile>
    <ClCompile Include="compression\RLE.c">
      <Filter>Source Files\compression</Filter>
    </ClCompile>
    <ClCompile Include="compression\ASH.c">
      <Filter>Source Files\compression</Filter>
    </ClCompile>
    <ClCompile Include="compression\DiffFilter.c">
      <Filter>Source Files\compression</Filter>
    </ClCompile>
    <ClCompile Include="compression\Huffman.c">
      <Filter>Source Files\compression</Filter>
    </ClCompile>
    <ClCompile Include="compression\CxMain.c">
      <Filter>Source Files\compression</Filter>
    </ClCompile>
    <ClCompile Include="util\struct.c">
      <Filter>Source Files\util</Filter>
    </ClCompile>
    <ClCompile Include="util\bstream.c">
      <Filter>Source Files\util</Filter>
    </ClCompile>
    <ClCompile Include="image\gdip.c">
      <Filter>Source Files\image</Filter>
    </ClCompile>
  </ItemGroup>
  <ItemGroup>
    <ClInclude Include="resource.h">
      <Filter>Header Files</Filter>
    </ClInclude>
    <ClInclude Include="exceptions.h">
      <Filter>Header Files</Filter>
    </ClInclude>
    <ClInclude Include="nitropaint.h">
      <Filter>Header Files</Filter>
    </ClInclude>
    <ClInclude Include="childwindow.h">
      <Filter>Header Files</Filter>
    </ClInclude>
    <ClInclude Include="palette.h">
      <Filter>Header Files</Filter>
    </ClInclude>
    <ClInclude Include="texture.h">
      <Filter>Header Files</Filter>
    </ClInclude>
    <ClInclude Include="color.h">
      <Filter>Header Files</Filter>
    </ClInclude>
    <ClInclude Include="texconv.h">
      <Filter>Header Files</Filter>
    </ClInclude>
    <ClInclude Include="undo.h">
      <Filter>Header Files</Filter>
    </ClInclude>
    <ClInclude Include="ui.h">
      <Filter>Header Files</Filter>
    </ClInclude>
    <ClInclude Include="cellgen.h">
      <Filter>Header Files</Filter>
    </ClInclude>
    <ClInclude Include="bggen.h">
      <Filter>Header Files</Filter>
    </ClInclude>
    <ClInclude Include="preview.h">
      <Filter>Header Files</Filter>
    </ClInclude>
    <ClInclude Include="framebuffer.h">
      <Filter>Header Files</Filter>
    </ClInclude>
    <ClInclude Include="io.h">
      <Filter>Header Files</Filter>
    </ClInclude>
    <ClInclude Include="object\filecommon.h">
      <Filter>Header Files</Filter>
    </ClInclude>
    <ClInclude Include="object\combo2d.h">
      <Filter>Header Files\object</Filter>
    </ClInclude>
    <ClInclude Include="object\NitroAnim.h">
      <Filter>Header Files\object</Filter>
    </ClInclude>
    <ClInclude Include="object\NitroCell.h">
      <Filter>Header Files\object</Filter>
    </ClInclude>
    <ClInclude Include="object\NitroCharacter.h">
      <Filter>Header Files\object</Filter>
    </ClInclude>
    <ClInclude Include="object\NitroFont.h">
      <Filter>Header Files\object</Filter>
    </ClInclude>
    <ClInclude Include="object\NitroLyt.h">
      <Filter>Header Files\object</Filter>
    </ClInclude>
    <ClInclude Include="object\NitroMessage.h">
      <Filter>Header Files\object</Filter>
    </ClInclude>
    <ClInclude Include="object\NitroMultiCell.h">
      <Filter>Header Files\object</Filter>
    </ClInclude>
    <ClInclude Include="object\NitroPalette.h">
      <Filter>Header Files\object</Filter>
    </ClInclude>
    <ClInclude Include="object\NitroScreen.h">
      <Filter>Header Files\object</Filter>
    </ClInclude>
    <ClInclude Include="object\NitroTexArc.h">
      <Filter>Header Files\object</Filter>
    </ClInclude>
    <ClInclude Include="object\setosa.h">
      <Filter>Header Files\object</Filter>
    </ClInclude>
    <ClInclude Include="object\scene.h">
      <Filter>Header Files\object</Filter>
    </ClInclude>
    <ClInclude Include="object\nns.h">
      <Filter>Header Files\object</Filter>
    </ClInclude>
    <ClInclude Include="editor\mesgeditor.h">
      <Filter>Header Files\editor</Filter>
    </ClInclude>
    <ClInclude Include="editor\nanrviewer.h">
      <Filter>Header Files\editor</Filter>
    </ClInclude>
    <ClInclude Include="editor\ncerviewer.h">
      <Filter>Header Files\editor</Filter>
    </ClInclude>
    <ClInclude Include="editor\ncgrviewer.h">
      <Filter>Header Files\editor</Filter>
    </ClInclude>
    <ClInclude Include="editor\nclrviewer.h">
      <Filter>Header Files\editor</Filter>
    </ClInclude>
    <ClInclude Include="editor\nftrviewer.h">
      <Filter>Header Files\editor</Filter>
    </ClInclude>
    <ClInclude Include="editor\nmcrviewer.h">
      <Filter>Header Files\editor</Filter>
    </ClInclude>
    <ClInclude Include="editor\nsbtxviewer.h">
      <Filter>Header Files\editor</Filter>
    </ClInclude>
    <ClInclude Include="editor\nscrviewer.h">
      <Filter>Header Files\editor</Filter>
    </ClInclude>
    <ClInclude Include="editor\textureeditor.h">
      <Filter>Header Files\editor</Filter>
    </ClInclude>
    <ClInclude Include="editor\tilededitor.h">
      <Filter>Header Files\editor</Filter>
    </ClInclude>
    <ClInclude Include="editor\lyteditor.h">
      <Filter>Header Files\editor</Filter>
    </ClInclude>
    <ClInclude Include="editor\editor.h">
      <Filter>Header Files\editor</Filter>
    </ClInclude>
    <ClInclude Include="ui\colorchooser.h">
      <Filter>Header Files\ui</Filter>
    </ClInclude>
    <ClInclude Include="ui\palops.h">
      <Filter>Header Files\ui</Filter>
    </ClInclude>
    <ClInclude Include="ui\texconvdlg.h">
      <Filter>Header Files\ui</Filter>
    </ClInclude>
    <ClInclude Include="compression\compression.h">
      <Filter>Header Files\compression</Filter>
    </ClInclude>
    <ClInclude Include="compression\CxPrivate.h">
      <Filter>Header Files\compression</Filter>
    </ClInclude>
    <ClInclude Include="compression\LZCore.h">
      <Filter>Header Files\compression</Filter>
    </ClInclude>
    <ClInclude Include="compression\HuffCore.h">
      <Filter>Header Files\compression</Filter>
    </ClInclude>
    <ClInclude Include="util\bstream.h">
      <Filter>Header Files\util</Filter>
    </ClInclude>
    <ClInclude Include="util\struct.h">
      <Filter>Header Files\util</Filter>
    </ClInclude>
    <ClInclude Include="image\gdip.h">
      <Filter>Header Files\image</Filter>
    </ClInclude>
  </ItemGroup>
  <ItemGroup>
    <ResourceCompile Include="NitroPaint.rc">
      <Filter>Resource Files</Filter>
    </ResourceCompile>
  </ItemGroup>
  <ItemGroup>
    <Image Include="ncedit.ico">
      <Filter>Resource Files</Filter>
    </Image>
    <Image Include="hudson.ico">
      <Filter>Resource Files</Filter>
    </Image>
    <Image Include="jlayout.ico">
      <Filter>Resource Files</Filter>
    </Image>
  </ItemGroup>
</Project>